
Microsoft Visual Studio Solution File, Format Version 12.00
# Visual Studio 2013
VisualStudioVersion = 12.0.21005.1
MinimumVisualStudioVersion = 10.0.40219.1
Project("{FAE04EC0-301F-11D3-BF4B-00C04F79EFBC}") = "LeagueSoldierDeathTeam.BusinessLogic", "LeagueSoldierDeathTeam.BusinessLogic\LeagueSoldierDeathTeam.BusinessLogic.csproj", "{99F6ABD6-2D0D-4A59-B29F-9024D23FA4C3}"
EndProject
Project("{FAE04EC0-301F-11D3-BF4B-00C04F79EFBC}") = "LeagueSoldierDeathTeam.DataBaseLayer", "LeagueSoldierDeathTeam.DataBaseLayer\LeagueSoldierDeathTeam.DataBaseLayer.csproj", "{C4910C69-E2E4-4F85-847D-32175FFC718B}"
EndProject
Project("{FAE04EC0-301F-11D3-BF4B-00C04F79EFBC}") = "LeagueSoldierDeathTeam.Site", "LeagueSoldierDeathTeam.Site\LeagueSoldierDeathTeam.Site.csproj", "{7E3FEC7C-AA4F-4773-BE44-C5E09E29207A}"
EndProject
Project("{2150E333-8FDC-42A3-9474-1A3956D46DE8}") = "DB", "DB", "{50325B6F-D7F4-4BF0-93C9-06330073C15F}"
EndProject
Project("{00D1A9C2-B5F0-4AF3-8072-F6C62B433612}") = "LSD", "LSD\LSD.sqlproj", "{CC5ADC87-A39C-49F3-A35F-F54CB6878D3C}"
EndProject
Global
	GlobalSection(SolutionConfigurationPlatforms) = preSolution
		Debug|Any CPU = Debug|Any CPU
		Release|Any CPU = Release|Any CPU
	EndGlobalSection
	GlobalSection(ProjectConfigurationPlatforms) = postSolution
		{99F6ABD6-2D0D-4A59-B29F-9024D23FA4C3}.Debug|Any CPU.ActiveCfg = Debug|Any CPU
		{99F6ABD6-2D0D-4A59-B29F-9024D23FA4C3}.Debug|Any CPU.Build.0 = Debug|Any CPU
		{99F6ABD6-2D0D-4A59-B29F-9024D23FA4C3}.Release|Any CPU.ActiveCfg = Release|Any CPU
		{99F6ABD6-2D0D-4A59-B29F-9024D23FA4C3}.Release|Any CPU.Build.0 = Release|Any CPU
		{C4910C69-E2E4-4F85-847D-32175FFC718B}.Debug|Any CPU.ActiveCfg = Debug|Any CPU
		{C4910C69-E2E4-4F85-847D-32175FFC718B}.Debug|Any CPU.Build.0 = Debug|Any CPU
		{C4910C69-E2E4-4F85-847D-32175FFC718B}.Release|Any CPU.ActiveCfg = Release|Any CPU
		{C4910C69-E2E4-4F85-847D-32175FFC718B}.Release|Any CPU.Build.0 = Release|Any CPU
		{7E3FEC7C-AA4F-4773-BE44-C5E09E29207A}.Debug|Any CPU.ActiveCfg = Debug|Any CPU
		{7E3FEC7C-AA4F-4773-BE44-C5E09E29207A}.Debug|Any CPU.Build.0 = Debug|Any CPU
		{7E3FEC7C-AA4F-4773-BE44-C5E09E29207A}.Release|Any CPU.ActiveCfg = Release|Any CPU
		{7E3FEC7C-AA4F-4773-BE44-C5E09E29207A}.Release|Any CPU.Build.0 = Release|Any CPU
		{CC5ADC87-A39C-49F3-A35F-F54CB6878D3C}.Debug|Any CPU.ActiveCfg = Debug|Any CPU
		{CC5ADC87-A39C-49F3-A35F-F54CB6878D3C}.Debug|Any CPU.Build.0 = Debug|Any CPU
		{CC5ADC87-A39C-49F3-A35F-F54CB6878D3C}.Debug|Any CPU.Deploy.0 = Debug|Any CPU
		{CC5ADC87-A39C-49F3-A35F-F54CB6878D3C}.Release|Any CPU.ActiveCfg = Release|Any CPU
		{CC5ADC87-A39C-49F3-A35F-F54CB6878D3C}.Release|Any CPU.Build.0 = Release|Any CPU
		{CC5ADC87-A39C-49F3-A35F-F54CB6878D3C}.Release|Any CPU.Deploy.0 = Release|Any CPU
	EndGlobalSection
	GlobalSection(SolutionProperties) = preSolution
		HideSolutionNode = FALSE
	EndGlobalSection
	GlobalSection(NestedProjects) = preSolution
		{CC5ADC87-A39C-49F3-A35F-F54CB6878D3C} = {50325B6F-D7F4-4BF0-93C9-06330073C15F}
	EndGlobalSection
EndGlobal
